// !$*UTF8*$!
{
	archiveVersion = 1;
	classes = {
	};
	objectVersion = 48;
	objects = {

/* Begin PBXBuildFile section */
		D73D3A9C217E52E000579DA2 /* DataModel.swift in Sources */ = {isa = PBXBuildFile; fileRef = D73D3A9B217E52E000579DA2 /* DataModel.swift */; };
		D7777D5A2177A2E40096DC9E /* AddItemVC.swift in Sources */ = {isa = PBXBuildFile; fileRef = D7777D592177A2E40096DC9E /* AddItemVC.swift */; };
		D7ABC762217A3EDC00433427 /* AllListsVC.swift in Sources */ = {isa = PBXBuildFile; fileRef = D7ABC761217A3EDC00433427 /* AllListsVC.swift */; };
		D7ABC764217A468A00433427 /* Checklist.swift in Sources */ = {isa = PBXBuildFile; fileRef = D7ABC763217A468A00433427 /* Checklist.swift */; };
		D7ABC766217A4EB500433427 /* ListsDetailViewController.swift in Sources */ = {isa = PBXBuildFile; fileRef = D7ABC765217A4EB500433427 /* ListsDetailViewController.swift */; };
		D7DC4B952180E53C00A9C6AB /* IconPickerVC.swift in Sources */ = {isa = PBXBuildFile; fileRef = D7DC4B942180E53C00A9C6AB /* IconPickerVC.swift */; };
		DD4643B41EF3869500E877E9 /* AppDelegate.swift in Sources */ = {isa = PBXBuildFile; fileRef = DD4643B31EF3869500E877E9 /* AppDelegate.swift */; };
		DD4643B61EF3869500E877E9 /* ChecklistViewController.swift in Sources */ = {isa = PBXBuildFile; fileRef = DD4643B51EF3869500E877E9 /* ChecklistViewController.swift */; };
		DD4643B91EF3869500E877E9 /* Main.storyboard in Resources */ = {isa = PBXBuildFile; fileRef = DD4643B71EF3869500E877E9 /* Main.storyboard */; };
		DD4643BB1EF3869500E877E9 /* Assets.xcassets in Resources */ = {isa = PBXBuildFile; fileRef = DD4643BA1EF3869500E877E9 /* Assets.xcassets */; };
		DD910D9F1EF5FFC90007D812 /* ChecklistItem.swift in Sources */ = {isa = PBXBuildFile; fileRef = DD910D9E1EF5FFC90007D812 /* ChecklistItem.swift */; };
/* End PBXBuildFile section */

/* Begin PBXFileReference section */
		D73D3A9B217E52E000579DA2 /* DataModel.swift */ = {isa = PBXFileReference; lastKnownFileType = sourcecode.swift; path = DataModel.swift; sourceTree = "<group>"; };
		D7777D592177A2E40096DC9E /* AddItemVC.swift */ = {isa = PBXFileReference; lastKnownFileType = sourcecode.swift; path = AddItemVC.swift; sourceTree = "<group>"; };
		D7ABC761217A3EDC00433427 /* AllListsVC.swift */ = {isa = PBXFileReference; lastKnownFileType = sourcecode.swift; path = AllListsVC.swift; sourceTree = "<group>"; };
		D7ABC763217A468A00433427 /* Checklist.swift */ = {isa = PBXFileReference; lastKnownFileType = sourcecode.swift; path = Checklist.swift; sourceTree = "<group>"; };
		D7ABC765217A4EB500433427 /* ListsDetailViewController.swift */ = {isa = PBXFileReference; lastKnownFileType = sourcecode.swift; path = ListsDetailViewController.swift; sourceTree = "<group>"; };
		D7DC4B942180E53C00A9C6AB /* IconPickerVC.swift */ = {isa = PBXFileReference; lastKnownFileType = sourcecode.swift; path = IconPickerVC.swift; sourceTree = "<group>"; };
		DD4643B01EF3869500E877E9 /* Checklists.app */ = {isa = PBXFileReference; explicitFileType = wrapper.application; includeInIndex = 0; path = Checklists.app; sourceTree = BUILT_PRODUCTS_DIR; };
		DD4643B31EF3869500E877E9 /* AppDelegate.swift */ = {isa = PBXFileReference; lastKnownFileType = sourcecode.swift; path = AppDelegate.swift; sourceTree = "<group>"; };
		DD4643B51EF3869500E877E9 /* ChecklistViewController.swift */ = {isa = PBXFileReference; indentWidth = 2; lastKnownFileType = sourcecode.swift; path = ChecklistViewController.swift; sourceTree = "<group>"; tabWidth = 2; usesTabs = 0; };
		DD4643B81EF3869500E877E9 /* Base */ = {isa = PBXFileReference; lastKnownFileType = file.storyboard; name = Base; path = Base.lproj/Main.storyboard; sourceTree = "<group>"; };
		DD4643BA1EF3869500E877E9 /* Assets.xcassets */ = {isa = PBXFileReference; lastKnownFileType = folder.assetcatalog; path = Assets.xcassets; sourceTree = "<group>"; };
		DD4643BF1EF3869500E877E9 /* Info.plist */ = {isa = PBXFileReference; lastKnownFileType = text.plist.xml; path = Info.plist; sourceTree = "<group>"; };
		DD910D9E1EF5FFC90007D812 /* ChecklistItem.swift */ = {isa = PBXFileReference; lastKnownFileType = sourcecode.swift; path = ChecklistItem.swift; sourceTree = "<group>"; };
/* End PBXFileReference section */

/* Begin PBXFrameworksBuildPhase section */
		DD4643AD1EF3869500E877E9 /* Frameworks */ = {
			isa = PBXFrameworksBuildPhase;
			buildActionMask = 2147483647;
			files = (
			);
			runOnlyForDeploymentPostprocessing = 0;
		};
/* End PBXFrameworksBuildPhase section */

/* Begin PBXGroup section */
		D700941C217FB3CB001E2A84 /* DataModels */ = {
			isa = PBXGroup;
			children = (
				D7ABC763217A468A00433427 /* Checklist.swift */,
				DD910D9E1EF5FFC90007D812 /* ChecklistItem.swift */,
				D73D3A9B217E52E000579DA2 /* DataModel.swift */,
			);
			path = DataModels;
			sourceTree = "<group>";
		};
		D700941D217FB3E2001E2A84 /* ViewControllers */ = {
			isa = PBXGroup;
			children = (
				D7ABC761217A3EDC00433427 /* AllListsVC.swift */,
				DD4643B51EF3869500E877E9 /* ChecklistViewController.swift */,
			);
			path = ViewControllers;
			sourceTree = "<group>";
		};
		D700941E217FB418001E2A84 /* SecondaryVCs */ = {
			isa = PBXGroup;
			children = (
				DD4643B31EF3869500E877E9 /* AppDelegate.swift */,
				D7ABC765217A4EB500433427 /* ListsDetailViewController.swift */,
				D7777D592177A2E40096DC9E /* AddItemVC.swift */,
			);
			path = SecondaryVCs;
			sourceTree = "<group>";
		};
		DD4643A71EF3869500E877E9 = {
			isa = PBXGroup;
			children = (
				DD4643B21EF3869500E877E9 /* Checklists */,
				DD4643B11EF3869500E877E9 /* Products */,
			);
			sourceTree = "<group>";
		};
		DD4643B11EF3869500E877E9 /* Products */ = {
			isa = PBXGroup;
			children = (
				DD4643B01EF3869500E877E9 /* Checklists.app */,
			);
			name = Products;
			sourceTree = "<group>";
		};
		DD4643B21EF3869500E877E9 /* Checklists */ = {
			isa = PBXGroup;
			children = (
				DD4643BA1EF3869500E877E9 /* Assets.xcassets */,
				D700941D217FB3E2001E2A84 /* ViewControllers */,
				D700941C217FB3CB001E2A84 /* DataModels */,
				D700941E217FB418001E2A84 /* SecondaryVCs */,
				DD4643BF1EF3869500E877E9 /* Info.plist */,
				DD4643B71EF3869500E877E9 /* Main.storyboard */,
				D7DC4B942180E53C00A9C6AB /* IconPickerVC.swift */,
			);
			path = Checklists;
			sourceTree = "<group>";
		};
/* End PBXGroup section */

/* Begin PBXNativeTarget section */
		DD4643AF1EF3869500E877E9 /* Checklists */ = {
			isa = PBXNativeTarget;
			buildConfigurationList = DD4643C21EF3869500E877E9 /* Build configuration list for PBXNativeTarget "Checklists" */;
			buildPhases = (
				DD4643AC1EF3869500E877E9 /* Sources */,
				DD4643AD1EF3869500E877E9 /* Frameworks */,
				DD4643AE1EF3869500E877E9 /* Resources */,
			);
			buildRules = (
			);
			dependencies = (
			);
			name = Checklists;
			productName = Checklists;
			productReference = DD4643B01EF3869500E877E9 /* Checklists.app */;
			productType = "com.apple.product-type.application";
		};
/* End PBXNativeTarget section */

/* Begin PBXProject section */
		DD4643A81EF3869500E877E9 /* Project object */ = {
			isa = PBXProject;
			attributes = {
				LastSwiftUpdateCheck = 0900;
				LastUpgradeCheck = 1000;
				ORGANIZATIONNAME = Razeware;
				TargetAttributes = {
					DD4643AF1EF3869500E877E9 = {
						CreatedOnToolsVersion = 9.0;
						LastSwiftMigration = 1000;
					};
				};
			};
			buildConfigurationList = DD4643AB1EF3869500E877E9 /* Build configuration list for PBXProject "Checklists" */;
			compatibilityVersion = "Xcode 8.0";
			developmentRegion = en;
			hasScannedForEncodings = 0;
			knownRegions = (
				en,
				Base,
			);
			mainGroup = DD4643A71EF3869500E877E9;
			productRefGroup = DD4643B11EF3869500E877E9 /* Products */;
			projectDirPath = "";
			projectRoot = "";
			targets = (
				DD4643AF1EF3869500E877E9 /* Checklists */,
			);
		};
/* End PBXProject section */

/* Begin PBXResourcesBuildPhase section */
		DD4643AE1EF3869500E877E9 /* Resources */ = {
			isa = PBXResourcesBuildPhase;
			buildActionMask = 2147483647;
			files = (
				DD4643BB1EF3869500E877E9 /* Assets.xcassets in Resources */,
				DD4643B91EF3869500E877E9 /* Main.storyboard in Resources */,
			);
			runOnlyForDeploymentPostprocessing = 0;
		};
/* End PBXResourcesBuildPhase section */

/* Begin PBXSourcesBuildPhase section */
		DD4643AC1EF3869500E877E9 /* Sources */ = {
			isa = PBXSourcesBuildPhase;
			buildActionMask = 2147483647;
			files = (
				DD4643B61EF3869500E877E9 /* ChecklistViewController.swift in Sources */,
				D7ABC762217A3EDC00433427 /* AllListsVC.swift in Sources */,
				D7ABC766217A4EB500433427 /* ListsDetailViewController.swift in Sources */,
				D7ABC764217A468A00433427 /* Checklist.swift in Sources */,
				DD910D9F1EF5FFC90007D812 /* ChecklistItem.swift in Sources */,
				D73D3A9C217E52E000579DA2 /* DataModel.swift in Sources */,
				DD4643B41EF3869500E877E9 /* AppDelegate.swift in Sources */,
				D7DC4B952180E53C00A9C6AB /* IconPickerVC.swift in Sources */,
				D7777D5A2177A2E40096DC9E /* AddItemVC.swift in Sources */,
			);
			runOnlyForDeploymentPostprocessing = 0;
		};
/* End PBXSourcesBuildPhase section */

/* Begin PBXVariantGroup section */
		DD4643B71EF3869500E877E9 /* Main.storyboard */ = {
			isa = PBXVariantGroup;
			children = (
				DD4643B81EF3869500E877E9 /* Base */,
			);
			name = Main.storyboard;
			sourceTree = "<group>";
		};
/* End PBXVariantGroup section */

/* Begin XCBuildConfiguration section */
		DD4643C01EF3869500E877E9 /* Debug */ = {
			isa = XCBuildConfiguration;
			buildSettings = {
				ALWAYS_SEARCH_USER_PATHS = NO;
				CLANG_ANALYZER_NONNULL = YES;
				CLANG_ANALYZER_NUMBER_OBJECT_CONVERSION = YES_AGGRESSIVE;
				CLANG_CXX_LANGUAGE_STANDARD = "gnu++14";
				CLANG_CXX_LIBRARY = "libc++";
				CLANG_ENABLE_MODULES = YES;
				CLANG_ENABLE_OBJC_ARC = YES;
				CLANG_WARN_BLOCK_CAPTURE_AUTORELEASING = YES;
				CLANG_WARN_BOOL_CONVERSION = YES;
				CLANG_WARN_COMMA = YES;
				CLANG_WARN_CONSTANT_CONVERSION = YES;
				CLANG_WARN_DEPRECATED_OBJC_IMPLEMENTATIONS = YES;
				CLANG_WARN_DIRECT_OBJC_ISA_USAGE = YES_ERROR;
				CLANG_WARN_DOCUMENTATION_COMMENTS = YES;
				CLANG_WARN_EMPTY_BODY = YES;
				CLANG_WARN_ENUM_CONVERSION = YES;
				CLANG_WARN_INFINITE_RECURSION = YES;
				CLANG_WARN_INT_CONVERSION = YES;
				CLANG_WARN_NON_LITERAL_NULL_CONVERSION = YES;
				CLANG_WARN_OBJC_IMPLICIT_RETAIN_SELF = YES;
				CLANG_WARN_OBJC_LITERAL_CONVERSION = YES;
				CLANG_WARN_OBJC_ROOT_CLASS = YES_ERROR;
				CLANG_WARN_RANGE_LOOP_ANALYSIS = YES;
				CLANG_WARN_STRICT_PROTOTYPES = YES;
				CLANG_WARN_SUSPICIOUS_MOVE = YES;
				CLANG_WARN_UNGUARDED_AVAILABILITY = YES_AGGRESSIVE;
				CLANG_WARN_UNREACHABLE_CODE = YES;
				CLANG_WARN__DUPLICATE_METHOD_MATCH = YES;
				CODE_SIGN_IDENTITY = "iPhone Developer";
				COPY_PHASE_STRIP = NO;
				DEBUG_INFORMATION_FORMAT = dwarf;
				ENABLE_STRICT_OBJC_MSGSEND = YES;
				ENABLE_TESTABILITY = YES;
				GCC_C_LANGUAGE_STANDARD = gnu11;
				GCC_DYNAMIC_NO_PIC = NO;
				GCC_NO_COMMON_BLOCKS = YES;
				GCC_OPTIMIZATION_LEVEL = 0;
				GCC_PREPROCESSOR_DEFINITIONS = (
					"DEBUG=1",
					"$(inherited)",
				);
				GCC_WARN_64_TO_32_BIT_CONVERSION = YES;
				GCC_WARN_ABOUT_RETURN_TYPE = YES_ERROR;
				GCC_WARN_UNDECLARED_SELECTOR = YES;
				GCC_WARN_UNINITIALIZED_AUTOS = YES_AGGRESSIVE;
				GCC_WARN_UNUSED_FUNCTION = YES;
				GCC_WARN_UNUSED_VARIABLE = YES;
				IPHONEOS_DEPLOYMENT_TARGET = 11.0;
				MTL_ENABLE_DEBUG_INFO = YES;
				ONLY_ACTIVE_ARCH = YES;
				SDKROOT = iphoneos;
				SWIFT_ACTIVE_COMPILATION_CONDITIONS = DEBUG;
				SWIFT_OPTIMIZATION_LEVEL = "-Onone";
			};
			name = Debug;
		};
		DD4643C11EF3869500E877E9 /* Release */ = {
			isa = XCBuildConfiguration;
			buildSettings = {
				ALWAYS_SEARCH_USER_PATHS = NO;
				CLANG_ANALYZER_NONNULL = YES;
				CLANG_ANALYZER_NUMBER_OBJECT_CONVERSION = YES_AGGRESSIVE;
				CLANG_CXX_LANGUAGE_STANDARD = "gnu++14";
				CLANG_CXX_LIBRARY = "libc++";
				CLANG_ENABLE_MODULES = YES;
				CLANG_ENABLE_OBJC_ARC = YES;
				CLANG_WARN_BLOCK_CAPTURE_AUTORELEASING = YES;
				CLANG_WARN_BOOL_CONVERSION = YES;
				CLANG_WARN_COMMA = YES;
				CLANG_WARN_CONSTANT_CONVERSION = YES;
				CLANG_WARN_DEPRECATED_OBJC_IMPLEMENTATIONS = YES;
				CLANG_WARN_DIRECT_OBJC_ISA_USAGE = YES_ERROR;
				CLANG_WARN_DOCUMENTATION_COMMENTS = YES;
				CLANG_WARN_EMPTY_BODY = YES;
				CLANG_WARN_ENUM_CONVERSION = YES;
				CLANG_WARN_INFINITE_RECURSION = YES;
				CLANG_WARN_INT_CONVERSION = YES;
				CLANG_WARN_NON_LITERAL_NULL_CONVERSION = YES;
				CLANG_WARN_OBJC_IMPLICIT_RETAIN_SELF = YES;
				CLANG_WARN_OBJC_LITERAL_CONVERSION = YES;
				CLANG_WARN_OBJC_ROOT_CLASS = YES_ERROR;
				CLANG_WARN_RANGE_LOOP_ANALYSIS = YES;
				CLANG_WARN_STRICT_PROTOTYPES = YES;
				CLANG_WARN_SUSPICIOUS_MOVE = YES;
				CLANG_WARN_UNGUARDED_AVAILABILITY = YES_AGGRESSIVE;
				CLANG_WARN_UNREACHABLE_CODE = YES;
				CLANG_WARN__DUPLICATE_METHOD_MATCH = YES;
				CODE_SIGN_IDENTITY = "iPhone Developer";
				COPY_PHASE_STRIP = NO;
				DEBUG_INFORMATION_FORMAT = "dwarf-with-dsym";
				ENABLE_NS_ASSERTIONS = NO;
				ENABLE_STRICT_OBJC_MSGSEND = YES;
				GCC_C_LANGUAGE_STANDARD = gnu11;
				GCC_NO_COMMON_BLOCKS = YES;
				GCC_WARN_64_TO_32_BIT_CONVERSION = YES;
				GCC_WARN_ABOUT_RETURN_TYPE = YES_ERROR;
				GCC_WARN_UNDECLARED_SELECTOR = YES;
				GCC_WARN_UNINITIALIZED_AUTOS = YES_AGGRESSIVE;
				GCC_WARN_UNUSED_FUNCTION = YES;
				GCC_WARN_UNUSED_VARIABLE = YES;
				IPHONEOS_DEPLOYMENT_TARGET = 11.0;
				MTL_ENABLE_DEBUG_INFO = NO;
				SDKROOT = iphoneos;
				SWIFT_OPTIMIZATION_LEVEL = "-Owholemodule";
				VALIDATE_PRODUCT = YES;
			};
			name = Release;
		};
		DD4643C31EF3869500E877E9 /* Debug */ = {
			isa = XCBuildConfiguration;
			buildSettings = {
				ASSETCATALOG_COMPILER_APPICON_NAME = AppIcon;
				DEVELOPMENT_TEAM = ZQCK5WLKEQ;
				INFOPLIST_FILE = Checklists/Info.plist;
				LD_RUNPATH_SEARCH_PATHS = "$(inherited) @executable_path/Frameworks";
				PRODUCT_BUNDLE_IDENTIFIER = com.roblack.Checklists;
				PRODUCT_NAME = "$(TARGET_NAME)";
				SWIFT_VERSION = 4.2;
				TARGETED_DEVICE_FAMILY = "1,2";
			};
			name = Debug;
		};
		DD4643C41EF3869500E877E9 /* Release */ = {
			isa = XCBuildConfiguration;
			buildSettings = {
				ASSETCATALOG_COMPILER_APPICON_NAME = AppIcon;
				DEVELOPMENT_TEAM = ZQCK5WLKEQ;
				INFOPLIST_FILE = Checklists/Info.plist;
				LD_RUNPATH_SEARCH_PATHS = "$(inherited) @executable_path/Frameworks";
				PRODUCT_BUNDLE_IDENTIFIER = com.roblack.Checklists;
				PRODUCT_NAME = "$(TARGET_NAME)";
				SWIFT_VERSION = 4.2;
				TARGETED_DEVICE_FAMILY = "1,2";
			};
			name = Release;
		};
/* End XCBuildConfiguration section */

/* Begin XCConfigurationList section */
		DD4643AB1EF3869500E877E9 /* Build configuration list for PBXProject "Checklists" */ = {
			isa = XCConfigurationList;
			buildConfigurations = (
				DD4643C01EF3869500E877E9 /* Debug */,
				DD4643C11EF3869500E877E9 /* Release */,
			);
			defaultConfigurationIsVisible = 0;
			defaultConfigurationName = Release;
		};
		DD4643C21EF3869500E877E9 /* Build configuration list for PBXNativeTarget "Checklists" */ = {
			isa = XCConfigurationList;
			buildConfigurations = (
				DD4643C31EF3869500E877E9 /* Debug */,
				DD4643C41EF3869500E877E9 /* Release */,
			);
			defaultConfigurationIsVisible = 0;
			defaultConfigurationName = Release;
		};
/* End XCConfigurationList section */
	};
	rootObject = DD4643A81EF3869500E877E9 /* Project object */;
}
